{
  "name": "echarts-china-cities-js",
  "version": "0.1.0",
  "lockfileVersion": 1,
  "requires": true,
  "dependencies": {
    "commander": {
      "version": "2.14.1",
      "resolved": "https://registry.npmjs.org/commander/-/commander-2.14.1.tgz",
      "integrity": "sha512-+YR16o3rK53SmWHU3rEM3tPAh2rwb1yPcQX5irVn7mb0gXbwuCCrnkbV5+PBfETdfg1vui07nM6PCG1zndcjQw==",
      "dev": true
    },
    "echarts-mapmaker": {
      "version": "1.0.10",
      "resolved": "https://registry.npmjs.org/echarts-mapmaker/-/echarts-mapmaker-1.0.10.tgz",
      "integrity": "sha512-KjuYEJEPD6brdu6ZcVXGzYSgN3O1I77FfxrJUT7INDrL4jubmM0FBlf3vPTayBOGz+7wpQJfByedPa10CrNpjg==",
      "dev": true,
      "requires": {
        "commander": "2.14.1"
      }
    }
  }
}
